github.com/bimaafrizal/go-modules v1.0.0 h1:8A1CqNAGEADAiVOYzl/pI7z+94gbxifp/nhcsNSnw/0=
github.com/bimaafrizal/go-modules v1.0.0/go.mod h1:tBbqHGwqUAIQrdTQWuaOIgRp69VHHg2tK/kS500rYc4=
github.com/bimaafrizal/go-modules v1.1.0 h1:NO8SRDXOOjj52cZgMzpcc5Cr3qOqlKh7dyef2GmWqyY=
github.com/bimaafrizal/go-modules v1.1.0/go.mod h1:tBbqHGwqUAIQrdTQWuaOIgRp69VHHg2tK/kS500rYc4=
github.com/bimaafrizal/go-modules/v2 v2.0.0 h1:jTEBGIvFQQPAZDe1CE3XSAFmnKVvdCC76k0SubHFlKE=
github.com/bimaafrizal/go-modules/v2 v2.0.0/go.mod h1:ycqHCjp5HwsR1IRl8bICy/U9xUyZaCiC+38RvLj5tdw=
